
Microsoft Visual Studio Solution File, Format Version 12.00
# Visual Studio Version 17
VisualStudioVersion = 17.4.33110.190
MinimumVisualStudioVersion = 10.0.40219.1
Project("{9A19103F-16F7-4668-BE54-9A1E7A4F7556}") = "Crimson", "Crimson\Crimson.csproj", "{07489315-3D4E-4811-9716-0AE7019AAE6E}"
EndProject
Project("{FAE04EC0-301F-11D3-BF4B-00C04F79EFBC}") = "Crimson.Tests", "Crimson.Tests\Crimson.Tests.csproj", "{8E848130-9A7C-4CCB-9096-76E881B6B21D}"
EndProject
Project("{FAE04EC0-301F-11D3-BF4B-00C04F79EFBC}") = "Crimson.Core", "Crimson.Core\Crimson.Core.csproj", "{0B2AD594-0327-467C-8475-B56F4A5770AE}"
EndProject
Project("{FAE04EC0-301F-11D3-BF4B-00C04F79EFBC}") = "Crimson.Core.Tests", "Crimson.Core.Tests\Crimson.Core.Tests.csproj", "{616D6B8F-4E3B-4365-8B83-7CDABDF8D0F9}"
EndProject
Project("{FAE04EC0-301F-11D3-BF4B-00C04F79EFBC}") = "Crimson.Infrastructure", "Crimson.Infrastructure\Crimson.Infrastructure.csproj", "{538E1474-B590-45BB-AB2A-7B20364BDE6E}"
EndProject
Project("{FAE04EC0-301F-11D3-BF4B-00C04F79EFBC}") = "Crimson.Presentation", "Crimson.Presentation\Crimson.Presentation.csproj", "{5A7ACC78-7101-4D54-8902-D35BC6BE8A45}"
EndProject
Project("{FAE04EC0-301F-11D3-BF4B-00C04F79EFBC}") = "Crimson.Presentation.Tests", "Crimson.Presentation.Tests\Crimson.Presentation.Tests.csproj", "{EEB4349D-08FD-4EF1-A5D1-65FF41E3367D}"
EndProject
Project("{FAE04EC0-301F-11D3-BF4B-00C04F79EFBC}") = "Crimson.Avalonia", "Crimson.Avalonia\Crimson.Avalonia.csproj", "{2C48C491-5C23-4567-B9DB-39D2C57C7098}"
EndProject
Project("{FAE04EC0-301F-11D3-BF4B-00C04F79EFBC}") = "Crimson.Infrastructure.Tests", "Crimson.Infrastructure.Tests\Crimson.Infrastructure.Tests.csproj", "{79355334-316C-456B-AE55-7750B735C581}"
EndProject
Global
	GlobalSection(SolutionConfigurationPlatforms) = preSolution
		Debug|Any CPU = Debug|Any CPU
		Debug|ARM = Debug|ARM
		Debug|arm64 = Debug|arm64
		Debug|x64 = Debug|x64
		Debug|x86 = Debug|x86
		Release|Any CPU = Release|Any CPU
		Release|ARM = Release|ARM
		Release|arm64 = Release|arm64
		Release|x64 = Release|x64
		Release|x86 = Release|x86
	EndGlobalSection
	GlobalSection(ProjectConfigurationPlatforms) = postSolution
		{07489315-3D4E-4811-9716-0AE7019AAE6E}.Debug|Any CPU.ActiveCfg = Debug|x64
		{07489315-3D4E-4811-9716-0AE7019AAE6E}.Debug|Any CPU.Build.0 = Debug|x64
		{07489315-3D4E-4811-9716-0AE7019AAE6E}.Debug|Any CPU.Deploy.0 = Debug|x64
		{07489315-3D4E-4811-9716-0AE7019AAE6E}.Debug|ARM.ActiveCfg = Debug|x64
		{07489315-3D4E-4811-9716-0AE7019AAE6E}.Debug|ARM.Build.0 = Debug|x64
		{07489315-3D4E-4811-9716-0AE7019AAE6E}.Debug|ARM.Deploy.0 = Debug|x64
		{07489315-3D4E-4811-9716-0AE7019AAE6E}.Debug|arm64.ActiveCfg = Debug|arm64
		{07489315-3D4E-4811-9716-0AE7019AAE6E}.Debug|arm64.Build.0 = Debug|arm64
		{07489315-3D4E-4811-9716-0AE7019AAE6E}.Debug|arm64.Deploy.0 = Debug|arm64
		{07489315-3D4E-4811-9716-0AE7019AAE6E}.Debug|x64.ActiveCfg = Debug|x64
		{07489315-3D4E-4811-9716-0AE7019AAE6E}.Debug|x64.Build.0 = Debug|x64
		{07489315-3D4E-4811-9716-0AE7019AAE6E}.Debug|x64.Deploy.0 = Debug|x64
		{07489315-3D4E-4811-9716-0AE7019AAE6E}.Debug|x86.ActiveCfg = Debug|x86
		{07489315-3D4E-4811-9716-0AE7019AAE6E}.Debug|x86.Build.0 = Debug|x86
		{07489315-3D4E-4811-9716-0AE7019AAE6E}.Debug|x86.Deploy.0 = Debug|x86
		{07489315-3D4E-4811-9716-0AE7019AAE6E}.Release|Any CPU.ActiveCfg = Release|x64
		{07489315-3D4E-4811-9716-0AE7019AAE6E}.Release|Any CPU.Build.0 = Release|x64
		{07489315-3D4E-4811-9716-0AE7019AAE6E}.Release|Any CPU.Deploy.0 = Release|x64
		{07489315-3D4E-4811-9716-0AE7019AAE6E}.Release|ARM.ActiveCfg = Release|x64
		{07489315-3D4E-4811-9716-0AE7019AAE6E}.Release|ARM.Build.0 = Release|x64
		{07489315-3D4E-4811-9716-0AE7019AAE6E}.Release|ARM.Deploy.0 = Release|x64
		{07489315-3D4E-4811-9716-0AE7019AAE6E}.Release|arm64.ActiveCfg = Release|arm64
		{07489315-3D4E-4811-9716-0AE7019AAE6E}.Release|arm64.Build.0 = Release|arm64
		{07489315-3D4E-4811-9716-0AE7019AAE6E}.Release|arm64.Deploy.0 = Release|arm64
		{07489315-3D4E-4811-9716-0AE7019AAE6E}.Release|x64.ActiveCfg = Release|x64
		{07489315-3D4E-4811-9716-0AE7019AAE6E}.Release|x64.Build.0 = Release|x64
		{07489315-3D4E-4811-9716-0AE7019AAE6E}.Release|x64.Deploy.0 = Release|x64
		{07489315-3D4E-4811-9716-0AE7019AAE6E}.Release|x86.ActiveCfg = Release|x86
		{07489315-3D4E-4811-9716-0AE7019AAE6E}.Release|x86.Build.0 = Release|x86
		{07489315-3D4E-4811-9716-0AE7019AAE6E}.Release|x86.Deploy.0 = Release|x86
		{8E848130-9A7C-4CCB-9096-76E881B6B21D}.Debug|Any CPU.ActiveCfg = Debug|Any CPU
		{8E848130-9A7C-4CCB-9096-76E881B6B21D}.Debug|Any CPU.Build.0 = Debug|Any CPU
		{8E848130-9A7C-4CCB-9096-76E881B6B21D}.Debug|ARM.ActiveCfg = Debug|Any CPU
		{8E848130-9A7C-4CCB-9096-76E881B6B21D}.Debug|ARM.Build.0 = Debug|Any CPU
		{8E848130-9A7C-4CCB-9096-76E881B6B21D}.Debug|arm64.ActiveCfg = Debug|Any CPU
		{8E848130-9A7C-4CCB-9096-76E881B6B21D}.Debug|arm64.Build.0 = Debug|Any CPU
		{8E848130-9A7C-4CCB-9096-76E881B6B21D}.Debug|x64.ActiveCfg = Debug|Any CPU
		{8E848130-9A7C-4CCB-9096-76E881B6B21D}.Debug|x64.Build.0 = Debug|Any CPU
		{8E848130-9A7C-4CCB-9096-76E881B6B21D}.Debug|x86.ActiveCfg = Debug|Any CPU
		{8E848130-9A7C-4CCB-9096-76E881B6B21D}.Debug|x86.Build.0 = Debug|Any CPU
		{8E848130-9A7C-4CCB-9096-76E881B6B21D}.Release|Any CPU.ActiveCfg = Release|Any CPU
		{8E848130-9A7C-4CCB-9096-76E881B6B21D}.Release|Any CPU.Build.0 = Release|Any CPU
		{8E848130-9A7C-4CCB-9096-76E881B6B21D}.Release|ARM.ActiveCfg = Release|Any CPU
		{8E848130-9A7C-4CCB-9096-76E881B6B21D}.Release|ARM.Build.0 = Release|Any CPU
		{8E848130-9A7C-4CCB-9096-76E881B6B21D}.Release|arm64.ActiveCfg = Release|Any CPU
		{8E848130-9A7C-4CCB-9096-76E881B6B21D}.Release|arm64.Build.0 = Release|Any CPU
		{8E848130-9A7C-4CCB-9096-76E881B6B21D}.Release|x64.ActiveCfg = Release|Any CPU
		{8E848130-9A7C-4CCB-9096-76E881B6B21D}.Release|x64.Build.0 = Release|Any CPU
		{8E848130-9A7C-4CCB-9096-76E881B6B21D}.Release|x86.ActiveCfg = Release|Any CPU
		{8E848130-9A7C-4CCB-9096-76E881B6B21D}.Release|x86.Build.0 = Release|Any CPU
		{0B2AD594-0327-467C-8475-B56F4A5770AE}.Debug|Any CPU.ActiveCfg = Debug|Any CPU
		{0B2AD594-0327-467C-8475-B56F4A5770AE}.Debug|Any CPU.Build.0 = Debug|Any CPU
		{0B2AD594-0327-467C-8475-B56F4A5770AE}.Debug|ARM.ActiveCfg = Debug|Any CPU
		{0B2AD594-0327-467C-8475-B56F4A5770AE}.Debug|ARM.Build.0 = Debug|Any CPU
		{0B2AD594-0327-467C-8475-B56F4A5770AE}.Debug|arm64.ActiveCfg = Debug|Any CPU
		{0B2AD594-0327-467C-8475-B56F4A5770AE}.Debug|arm64.Build.0 = Debug|Any CPU
		{0B2AD594-0327-467C-8475-B56F4A5770AE}.Debug|x64.ActiveCfg = Debug|Any CPU
		{0B2AD594-0327-467C-8475-B56F4A5770AE}.Debug|x64.Build.0 = Debug|Any CPU
		{0B2AD594-0327-467C-8475-B56F4A5770AE}.Debug|x86.ActiveCfg = Debug|Any CPU
		{0B2AD594-0327-467C-8475-B56F4A5770AE}.Debug|x86.Build.0 = Debug|Any CPU
		{0B2AD594-0327-467C-8475-B56F4A5770AE}.Release|Any CPU.ActiveCfg = Release|Any CPU
		{0B2AD594-0327-467C-8475-B56F4A5770AE}.Release|Any CPU.Build.0 = Release|Any CPU
		{0B2AD594-0327-467C-8475-B56F4A5770AE}.Release|ARM.ActiveCfg = Release|Any CPU
		{0B2AD594-0327-467C-8475-B56F4A5770AE}.Release|ARM.Build.0 = Release|Any CPU
		{0B2AD594-0327-467C-8475-B56F4A5770AE}.Release|arm64.ActiveCfg = Release|Any CPU
		{0B2AD594-0327-467C-8475-B56F4A5770AE}.Release|arm64.Build.0 = Release|Any CPU
		{0B2AD594-0327-467C-8475-B56F4A5770AE}.Release|x64.ActiveCfg = Release|Any CPU
		{0B2AD594-0327-467C-8475-B56F4A5770AE}.Release|x64.Build.0 = Release|Any CPU
		{0B2AD594-0327-467C-8475-B56F4A5770AE}.Release|x86.ActiveCfg = Release|Any CPU
		{0B2AD594-0327-467C-8475-B56F4A5770AE}.Release|x86.Build.0 = Release|Any CPU
		{616D6B8F-4E3B-4365-8B83-7CDABDF8D0F9}.Debug|Any CPU.ActiveCfg = Debug|Any CPU
		{616D6B8F-4E3B-4365-8B83-7CDABDF8D0F9}.Debug|Any CPU.Build.0 = Debug|Any CPU
		{616D6B8F-4E3B-4365-8B83-7CDABDF8D0F9}.Debug|ARM.ActiveCfg = Debug|Any CPU
		{616D6B8F-4E3B-4365-8B83-7CDABDF8D0F9}.Debug|ARM.Build.0 = Debug|Any CPU
		{616D6B8F-4E3B-4365-8B83-7CDABDF8D0F9}.Debug|arm64.ActiveCfg = Debug|Any CPU
		{616D6B8F-4E3B-4365-8B83-7CDABDF8D0F9}.Debug|arm64.Build.0 = Debug|Any CPU
		{616D6B8F-4E3B-4365-8B83-7CDABDF8D0F9}.Debug|x64.ActiveCfg = Debug|Any CPU
		{616D6B8F-4E3B-4365-8B83-7CDABDF8D0F9}.Debug|x64.Build.0 = Debug|Any CPU
		{616D6B8F-4E3B-4365-8B83-7CDABDF8D0F9}.Debug|x86.ActiveCfg = Debug|Any CPU
		{616D6B8F-4E3B-4365-8B83-7CDABDF8D0F9}.Debug|x86.Build.0 = Debug|Any CPU
		{616D6B8F-4E3B-4365-8B83-7CDABDF8D0F9}.Release|Any CPU.ActiveCfg = Release|Any CPU
		{616D6B8F-4E3B-4365-8B83-7CDABDF8D0F9}.Release|Any CPU.Build.0 = Release|Any CPU
		{616D6B8F-4E3B-4365-8B83-7CDABDF8D0F9}.Release|ARM.ActiveCfg = Release|Any CPU
		{616D6B8F-4E3B-4365-8B83-7CDABDF8D0F9}.Release|ARM.Build.0 = Release|Any CPU
		{616D6B8F-4E3B-4365-8B83-7CDABDF8D0F9}.Release|arm64.ActiveCfg = Release|Any CPU
		{616D6B8F-4E3B-4365-8B83-7CDABDF8D0F9}.Release|arm64.Build.0 = Release|Any CPU
		{616D6B8F-4E3B-4365-8B83-7CDABDF8D0F9}.Release|x64.ActiveCfg = Release|Any CPU
		{616D6B8F-4E3B-4365-8B83-7CDABDF8D0F9}.Release|x64.Build.0 = Release|Any CPU
		{616D6B8F-4E3B-4365-8B83-7CDABDF8D0F9}.Release|x86.ActiveCfg = Release|Any CPU
		{616D6B8F-4E3B-4365-8B83-7CDABDF8D0F9}.Release|x86.Build.0 = Release|Any CPU
		{538E1474-B590-45BB-AB2A-7B20364BDE6E}.Debug|Any CPU.ActiveCfg = Debug|Any CPU
		{538E1474-B590-45BB-AB2A-7B20364BDE6E}.Debug|Any CPU.Build.0 = Debug|Any CPU
		{538E1474-B590-45BB-AB2A-7B20364BDE6E}.Debug|ARM.ActiveCfg = Debug|Any CPU
		{538E1474-B590-45BB-AB2A-7B20364BDE6E}.Debug|ARM.Build.0 = Debug|Any CPU
		{538E1474-B590-45BB-AB2A-7B20364BDE6E}.Debug|arm64.ActiveCfg = Debug|Any CPU
		{538E1474-B590-45BB-AB2A-7B20364BDE6E}.Debug|arm64.Build.0 = Debug|Any CPU
		{538E1474-B590-45BB-AB2A-7B20364BDE6E}.Debug|x64.ActiveCfg = Debug|Any CPU
		{538E1474-B590-45BB-AB2A-7B20364BDE6E}.Debug|x64.Build.0 = Debug|Any CPU
		{538E1474-B590-45BB-AB2A-7B20364BDE6E}.Debug|x86.ActiveCfg = Debug|Any CPU
		{538E1474-B590-45BB-AB2A-7B20364BDE6E}.Debug|x86.Build.0 = Debug|Any CPU
		{538E1474-B590-45BB-AB2A-7B20364BDE6E}.Release|Any CPU.ActiveCfg = Release|Any CPU
		{538E1474-B590-45BB-AB2A-7B20364BDE6E}.Release|Any CPU.Build.0 = Release|Any CPU
		{538E1474-B590-45BB-AB2A-7B20364BDE6E}.Release|ARM.ActiveCfg = Release|Any CPU
		{538E1474-B590-45BB-AB2A-7B20364BDE6E}.Release|ARM.Build.0 = Release|Any CPU
		{538E1474-B590-45BB-AB2A-7B20364BDE6E}.Release|arm64.ActiveCfg = Release|Any CPU
		{538E1474-B590-45BB-AB2A-7B20364BDE6E}.Release|arm64.Build.0 = Release|Any CPU
		{538E1474-B590-45BB-AB2A-7B20364BDE6E}.Release|x64.ActiveCfg = Release|Any CPU
		{538E1474-B590-45BB-AB2A-7B20364BDE6E}.Release|x64.Build.0 = Release|Any CPU
		{538E1474-B590-45BB-AB2A-7B20364BDE6E}.Release|x86.ActiveCfg = Release|Any CPU
		{538E1474-B590-45BB-AB2A-7B20364BDE6E}.Release|x86.Build.0 = Release|Any CPU
		{5A7ACC78-7101-4D54-8902-D35BC6BE8A45}.Debug|Any CPU.ActiveCfg = Debug|Any CPU
		{5A7ACC78-7101-4D54-8902-D35BC6BE8A45}.Debug|Any CPU.Build.0 = Debug|Any CPU
		{5A7ACC78-7101-4D54-8902-D35BC6BE8A45}.Debug|ARM.ActiveCfg = Debug|Any CPU
		{5A7ACC78-7101-4D54-8902-D35BC6BE8A45}.Debug|ARM.Build.0 = Debug|Any CPU
		{5A7ACC78-7101-4D54-8902-D35BC6BE8A45}.Debug|arm64.ActiveCfg = Debug|Any CPU
		{5A7ACC78-7101-4D54-8902-D35BC6BE8A45}.Debug|arm64.Build.0 = Debug|Any CPU
		{5A7ACC78-7101-4D54-8902-D35BC6BE8A45}.Debug|x64.ActiveCfg = Debug|Any CPU
		{5A7ACC78-7101-4D54-8902-D35BC6BE8A45}.Debug|x64.Build.0 = Debug|Any CPU
		{5A7ACC78-7101-4D54-8902-D35BC6BE8A45}.Debug|x86.ActiveCfg = Debug|Any CPU
		{5A7ACC78-7101-4D54-8902-D35BC6BE8A45}.Debug|x86.Build.0 = Debug|Any CPU
		{5A7ACC78-7101-4D54-8902-D35BC6BE8A45}.Release|Any CPU.ActiveCfg = Release|Any CPU
		{5A7ACC78-7101-4D54-8902-D35BC6BE8A45}.Release|Any CPU.Build.0 = Release|Any CPU
		{5A7ACC78-7101-4D54-8902-D35BC6BE8A45}.Release|ARM.ActiveCfg = Release|Any CPU
		{5A7ACC78-7101-4D54-8902-D35BC6BE8A45}.Release|ARM.Build.0 = Release|Any CPU
		{5A7ACC78-7101-4D54-8902-D35BC6BE8A45}.Release|arm64.ActiveCfg = Release|Any CPU
		{5A7ACC78-7101-4D54-8902-D35BC6BE8A45}.Release|arm64.Build.0 = Release|Any CPU
		{5A7ACC78-7101-4D54-8902-D35BC6BE8A45}.Release|x64.ActiveCfg = Release|Any CPU
		{5A7ACC78-7101-4D54-8902-D35BC6BE8A45}.Release|x64.Build.0 = Release|Any CPU
		{5A7ACC78-7101-4D54-8902-D35BC6BE8A45}.Release|x86.ActiveCfg = Release|Any CPU
		{5A7ACC78-7101-4D54-8902-D35BC6BE8A45}.Release|x86.Build.0 = Release|Any CPU
		{EEB4349D-08FD-4EF1-A5D1-65FF41E3367D}.Debug|Any CPU.ActiveCfg = Debug|Any CPU
		{EEB4349D-08FD-4EF1-A5D1-65FF41E3367D}.Debug|Any CPU.Build.0 = Debug|Any CPU
		{EEB4349D-08FD-4EF1-A5D1-65FF41E3367D}.Debug|ARM.ActiveCfg = Debug|Any CPU
		{EEB4349D-08FD-4EF1-A5D1-65FF41E3367D}.Debug|ARM.Build.0 = Debug|Any CPU
		{EEB4349D-08FD-4EF1-A5D1-65FF41E3367D}.Debug|arm64.ActiveCfg = Debug|Any CPU
		{EEB4349D-08FD-4EF1-A5D1-65FF41E3367D}.Debug|arm64.Build.0 = Debug|Any CPU
		{EEB4349D-08FD-4EF1-A5D1-65FF41E3367D}.Debug|x64.ActiveCfg = Debug|Any CPU
		{EEB4349D-08FD-4EF1-A5D1-65FF41E3367D}.Debug|x64.Build.0 = Debug|Any CPU
		{EEB4349D-08FD-4EF1-A5D1-65FF41E3367D}.Debug|x86.ActiveCfg = Debug|Any CPU
		{EEB4349D-08FD-4EF1-A5D1-65FF41E3367D}.Debug|x86.Build.0 = Debug|Any CPU
		{EEB4349D-08FD-4EF1-A5D1-65FF41E3367D}.Release|Any CPU.ActiveCfg = Release|Any CPU
		{EEB4349D-08FD-4EF1-A5D1-65FF41E3367D}.Release|Any CPU.Build.0 = Release|Any CPU
		{EEB4349D-08FD-4EF1-A5D1-65FF41E3367D}.Release|ARM.ActiveCfg = Release|Any CPU
		{EEB4349D-08FD-4EF1-A5D1-65FF41E3367D}.Release|ARM.Build.0 = Release|Any CPU
		{EEB4349D-08FD-4EF1-A5D1-65FF41E3367D}.Release|arm64.ActiveCfg = Release|Any CPU
		{EEB4349D-08FD-4EF1-A5D1-65FF41E3367D}.Release|arm64.Build.0 = Release|Any CPU
		{EEB4349D-08FD-4EF1-A5D1-65FF41E3367D}.Release|x64.ActiveCfg = Release|Any CPU
		{EEB4349D-08FD-4EF1-A5D1-65FF41E3367D}.Release|x64.Build.0 = Release|Any CPU
		{EEB4349D-08FD-4EF1-A5D1-65FF41E3367D}.Release|x86.ActiveCfg = Release|Any CPU
		{EEB4349D-08FD-4EF1-A5D1-65FF41E3367D}.Release|x86.Build.0 = Release|Any CPU
		{2C48C491-5C23-4567-B9DB-39D2C57C7098}.Debug|Any CPU.ActiveCfg = Debug|Any CPU
		{2C48C491-5C23-4567-B9DB-39D2C57C7098}.Debug|Any CPU.Build.0 = Debug|Any CPU
		{2C48C491-5C23-4567-B9DB-39D2C57C7098}.Debug|ARM.ActiveCfg = Debug|Any CPU
		{2C48C491-5C23-4567-B9DB-39D2C57C7098}.Debug|ARM.Build.0 = Debug|Any CPU
		{2C48C491-5C23-4567-B9DB-39D2C57C7098}.Debug|arm64.ActiveCfg = Debug|Any CPU
		{2C48C491-5C23-4567-B9DB-39D2C57C7098}.Debug|arm64.Build.0 = Debug|Any CPU
		{2C48C491-5C23-4567-B9DB-39D2C57C7098}.Debug|x64.ActiveCfg = Debug|Any CPU
		{2C48C491-5C23-4567-B9DB-39D2C57C7098}.Debug|x64.Build.0 = Debug|Any CPU
		{2C48C491-5C23-4567-B9DB-39D2C57C7098}.Debug|x86.ActiveCfg = Debug|Any CPU
		{2C48C491-5C23-4567-B9DB-39D2C57C7098}.Debug|x86.Build.0 = Debug|Any CPU
		{2C48C491-5C23-4567-B9DB-39D2C57C7098}.Release|Any CPU.ActiveCfg = Release|Any CPU
		{2C48C491-5C23-4567-B9DB-39D2C57C7098}.Release|Any CPU.Build.0 = Release|Any CPU
		{2C48C491-5C23-4567-B9DB-39D2C57C7098}.Release|ARM.ActiveCfg = Release|Any CPU
		{2C48C491-5C23-4567-B9DB-39D2C57C7098}.Release|ARM.Build.0 = Release|Any CPU
		{2C48C491-5C23-4567-B9DB-39D2C57C7098}.Release|arm64.ActiveCfg = Release|Any CPU
		{2C48C491-5C23-4567-B9DB-39D2C57C7098}.Release|arm64.Build.0 = Release|Any CPU
		{2C48C491-5C23-4567-B9DB-39D2C57C7098}.Release|x64.ActiveCfg = Release|Any CPU
		{2C48C491-5C23-4567-B9DB-39D2C57C7098}.Release|x64.Build.0 = Release|Any CPU
		{2C48C491-5C23-4567-B9DB-39D2C57C7098}.Release|x86.ActiveCfg = Release|Any CPU
		{2C48C491-5C23-4567-B9DB-39D2C57C7098}.Release|x86.Build.0 = Release|Any CPU
		{79355334-316C-456B-AE55-7750B735C581}.Debug|Any CPU.ActiveCfg = Debug|Any CPU
		{79355334-316C-456B-AE55-7750B735C581}.Debug|Any CPU.Build.0 = Debug|Any CPU
		{79355334-316C-456B-AE55-7750B735C581}.Debug|ARM.ActiveCfg = Debug|Any CPU
		{79355334-316C-456B-AE55-7750B735C581}.Debug|ARM.Build.0 = Debug|Any CPU
		{79355334-316C-456B-AE55-7750B735C581}.Debug|arm64.ActiveCfg = Debug|Any CPU
		{79355334-316C-456B-AE55-7750B735C581}.Debug|arm64.Build.0 = Debug|Any CPU
		{79355334-316C-456B-AE55-7750B735C581}.Debug|x64.ActiveCfg = Debug|Any CPU
		{79355334-316C-456B-AE55-7750B735C581}.Debug|x64.Build.0 = Debug|Any CPU
		{79355334-316C-456B-AE55-7750B735C581}.Debug|x86.ActiveCfg = Debug|Any CPU
		{79355334-316C-456B-AE55-7750B735C581}.Debug|x86.Build.0 = Debug|Any CPU
		{79355334-316C-456B-AE55-7750B735C581}.Release|Any CPU.ActiveCfg = Release|Any CPU
		{79355334-316C-456B-AE55-7750B735C581}.Release|Any CPU.Build.0 = Release|Any CPU
		{79355334-316C-456B-AE55-7750B735C581}.Release|ARM.ActiveCfg = Release|Any CPU
		{79355334-316C-456B-AE55-7750B735C581}.Release|ARM.Build.0 = Release|Any CPU
		{79355334-316C-456B-AE55-7750B735C581}.Release|arm64.ActiveCfg = Release|Any CPU
		{79355334-316C-456B-AE55-7750B735C581}.Release|arm64.Build.0 = Release|Any CPU
		{79355334-316C-456B-AE55-7750B735C581}.Release|x64.ActiveCfg = Release|Any CPU
		{79355334-316C-456B-AE55-7750B735C581}.Release|x64.Build.0 = Release|Any CPU
		{79355334-316C-456B-AE55-7750B735C581}.Release|x86.ActiveCfg = Release|Any CPU
		{79355334-316C-456B-AE55-7750B735C581}.Release|x86.Build.0 = Release|Any CPU
	EndGlobalSection
	GlobalSection(SolutionProperties) = preSolution
		HideSolutionNode = FALSE
	EndGlobalSection
	GlobalSection(ExtensibilityGlobals) = postSolution
		SolutionGuid = {595F39E1-6224-4B93-ABA5-3FFEEBDDF793}
	EndGlobalSection
EndGlobal
